
Microsoft Visual Studio Solution File, Format Version 12.00
# Visual Studio 15
VisualStudioVersion = 15.0.27130.2010
MinimumVisualStudioVersion = 10.0.40219.1
Project("{FAE04EC0-301F-11D3-BF4B-00C04F79EFBC}") = "Main", "Main\Main.csproj", "{04BAE23D-42EA-4B82-BEAF-CBF4ECD902F6}"
EndProject
Project("{FAE04EC0-301F-11D3-BF4B-00C04F79EFBC}") = "ApiConnector", "ApiConnector\ApiConnector.csproj", "{5D7A72BA-24C5-4A95-BF65-C1ED7D663C47}"
EndProject
Project("{FAE04EC0-301F-11D3-BF4B-00C04F79EFBC}") = "Interpreters", "Interpreters\Interpreters.csproj", "{A4BA5C77-4398-45B9-B542-FB8E2B485253}"
EndProject
Project("{FAE04EC0-301F-11D3-BF4B-00C04F79EFBC}") = "Contracts", "Contracts\Contracts.csproj", "{8641F60B-B331-4902-A083-249DD26FDCEC}"
EndProject
Global
	GlobalSection(SolutionConfigurationPlatforms) = preSolution
		Debug|Any CPU = Debug|Any CPU
		Release|Any CPU = Release|Any CPU
	EndGlobalSection
	GlobalSection(ProjectConfigurationPlatforms) = postSolution
		{04BAE23D-42EA-4B82-BEAF-CBF4ECD902F6}.Debug|Any CPU.ActiveCfg = Debug|Any CPU
		{04BAE23D-42EA-4B82-BEAF-CBF4ECD902F6}.Debug|Any CPU.Build.0 = Debug|Any CPU
		{04BAE23D-42EA-4B82-BEAF-CBF4ECD902F6}.Release|Any CPU.ActiveCfg = Release|Any CPU
		{04BAE23D-42EA-4B82-BEAF-CBF4ECD902F6}.Release|Any CPU.Build.0 = Release|Any CPU
		{5D7A72BA-24C5-4A95-BF65-C1ED7D663C47}.Debug|Any CPU.ActiveCfg = Debug|Any CPU
		{5D7A72BA-24C5-4A95-BF65-C1ED7D663C47}.Debug|Any CPU.Build.0 = Debug|Any CPU
		{5D7A72BA-24C5-4A95-BF65-C1ED7D663C47}.Release|Any CPU.ActiveCfg = Release|Any CPU
		{5D7A72BA-24C5-4A95-BF65-C1ED7D663C47}.Release|Any CPU.Build.0 = Release|Any CPU
		{A4BA5C77-4398-45B9-B542-FB8E2B485253}.Debug|Any CPU.ActiveCfg = Debug|Any CPU
		{A4BA5C77-4398-45B9-B542-FB8E2B485253}.Debug|Any CPU.Build.0 = Debug|Any CPU
		{A4BA5C77-4398-45B9-B542-FB8E2B485253}.Release|Any CPU.ActiveCfg = Release|Any CPU
		{A4BA5C77-4398-45B9-B542-FB8E2B485253}.Release|Any CPU.Build.0 = Release|Any CPU
		{8641F60B-B331-4902-A083-249DD26FDCEC}.Debug|Any CPU.ActiveCfg = Debug|Any CPU
		{8641F60B-B331-4902-A083-249DD26FDCEC}.Debug|Any CPU.Build.0 = Debug|Any CPU
		{8641F60B-B331-4902-A083-249DD26FDCEC}.Release|Any CPU.ActiveCfg = Release|Any CPU
		{8641F60B-B331-4902-A083-249DD26FDCEC}.Release|Any CPU.Build.0 = Release|Any CPU
	EndGlobalSection
	GlobalSection(SolutionProperties) = preSolution
		HideSolutionNode = FALSE
	EndGlobalSection
	GlobalSection(ExtensibilityGlobals) = postSolution
		SolutionGuid = {79D68427-A039-4E29-B2E3-A6D577E76F04}
	EndGlobalSection
EndGlobal
